// !$*UTF8*$!
{
	archiveVersion = 1;
	classes = {
	};
	objectVersion = 56;
	objects = {

/* Begin PBXBuildFile section */
		E4C7BD5F2D8AEB8300072E75 /* Tracker.swift in Sources */ = {isa = PBXBuildFile; fileRef = E4C7BD5E2D8AEB8300072E75 /* Tracker.swift */; };
		E4C7BD612D8AEB8E00072E75 /* TrackerCategory.swift in Sources */ = {isa = PBXBuildFile; fileRef = E4C7BD602D8AEB8E00072E75 /* TrackerCategory.swift */; };
		E4C7BD632D8AEB9800072E75 /* TrackerRecord.swift in Sources */ = {isa = PBXBuildFile; fileRef = E4C7BD622D8AEB9800072E75 /* TrackerRecord.swift */; };
		E4C7BD652D8AEBC200072E75 /* WeekDay.swift in Sources */ = {isa = PBXBuildFile; fileRef = E4C7BD642D8AEBC200072E75 /* WeekDay.swift */; };
		E4C7BD672D8AECE900072E75 /* DataManager.swift in Sources */ = {isa = PBXBuildFile; fileRef = E4C7BD662D8AECE900072E75 /* DataManager.swift */; };
		E4C7BD692D8AEEA100072E75 /* NewEventViewController.swift in Sources */ = {isa = PBXBuildFile; fileRef = E4C7BD682D8AEEA100072E75 /* NewEventViewController.swift */; };
		E4C7BD6B2D8AEF6000072E75 /* NewHabitViewController.swift in Sources */ = {isa = PBXBuildFile; fileRef = E4C7BD6A2D8AEF6000072E75 /* NewHabitViewController.swift */; };
		E4C7BD6D2D8AEFDE00072E75 /* ScheduleViewController.swift in Sources */ = {isa = PBXBuildFile; fileRef = E4C7BD6C2D8AEFDE00072E75 /* ScheduleViewController.swift */; };
		E4C7BD702D8AF1A900072E75 /* ScheduleDelegate.swift in Sources */ = {isa = PBXBuildFile; fileRef = E4C7BD6F2D8AF1A900072E75 /* ScheduleDelegate.swift */; };
		E4C7BD722D8AF1C600072E75 /* SectionHeader.swift in Sources */ = {isa = PBXBuildFile; fileRef = E4C7BD712D8AF1C600072E75 /* SectionHeader.swift */; };
		E4C7BD742D8AF21B00072E75 /* ScheduleTableViewCell.swift in Sources */ = {isa = PBXBuildFile; fileRef = E4C7BD732D8AF21B00072E75 /* ScheduleTableViewCell.swift */; };
		E4F232452D845464007FD39B /* AppDelegate.swift in Sources */ = {isa = PBXBuildFile; fileRef = E4F232442D845464007FD39B /* AppDelegate.swift */; };
		E4F232472D845464007FD39B /* SceneDelegate.swift in Sources */ = {isa = PBXBuildFile; fileRef = E4F232462D845464007FD39B /* SceneDelegate.swift */; };
		E4F232492D845464007FD39B /* HabitTrackerViewController.swift in Sources */ = {isa = PBXBuildFile; fileRef = E4F232482D845464007FD39B /* HabitTrackerViewController.swift */; };
		E4F2324C2D845464007FD39B /* Main.storyboard in Resources */ = {isa = PBXBuildFile; fileRef = E4F2324A2D845464007FD39B /* Main.storyboard */; };
		E4F2324E2D845467007FD39B /* Assets.xcassets in Resources */ = {isa = PBXBuildFile; fileRef = E4F2324D2D845467007FD39B /* Assets.xcassets */; };
		E4F232512D845467007FD39B /* LaunchScreen.storyboard in Resources */ = {isa = PBXBuildFile; fileRef = E4F2324F2D845467007FD39B /* LaunchScreen.storyboard */; };
		E4F2325C2D845467007FD39B /* HabitTrackerTests.swift in Sources */ = {isa = PBXBuildFile; fileRef = E4F2325B2D845467007FD39B /* HabitTrackerTests.swift */; };
		E4F232662D845467007FD39B /* HabitTrackerUITests.swift in Sources */ = {isa = PBXBuildFile; fileRef = E4F232652D845467007FD39B /* HabitTrackerUITests.swift */; };
		E4F232682D845467007FD39B /* HabitTrackerUITestsLaunchTests.swift in Sources */ = {isa = PBXBuildFile; fileRef = E4F232672D845467007FD39B /* HabitTrackerUITestsLaunchTests.swift */; };
		E4F232762D84611A007FD39B /* HabitTrackerCollectionViewCell.swift in Sources */ = {isa = PBXBuildFile; fileRef = E4F232752D84611A007FD39B /* HabitTrackerCollectionViewCell.swift */; };
		E4F232782D8461F4007FD39B /* StatisticsViewController.swift in Sources */ = {isa = PBXBuildFile; fileRef = E4F232772D8461F4007FD39B /* StatisticsViewController.swift */; };
/* End PBXBuildFile section */

/* Begin PBXContainerItemProxy section */
		E4F232582D845467007FD39B /* PBXContainerItemProxy */ = {
			isa = PBXContainerItemProxy;
			containerPortal = E4F232392D845464007FD39B /* Project object */;
			proxyType = 1;
			remoteGlobalIDString = E4F232402D845464007FD39B;
			remoteInfo = HabitTracker;
		};
		E4F232622D845467007FD39B /* PBXContainerItemProxy */ = {
			isa = PBXContainerItemProxy;
			containerPortal = E4F232392D845464007FD39B /* Project object */;
			proxyType = 1;
			remoteGlobalIDString = E4F232402D845464007FD39B;
			remoteInfo = HabitTracker;
		};
/* End PBXContainerItemProxy section */

/* Begin PBXFileReference section */
		E4C7BD5E2D8AEB8300072E75 /* Tracker.swift */ = {isa = PBXFileReference; lastKnownFileType = sourcecode.swift; path = Tracker.swift; sourceTree = "<group>"; };
		E4C7BD602D8AEB8E00072E75 /* TrackerCategory.swift */ = {isa = PBXFileReference; lastKnownFileType = sourcecode.swift; path = TrackerCategory.swift; sourceTree = "<group>"; };
		E4C7BD622D8AEB9800072E75 /* TrackerRecord.swift */ = {isa = PBXFileReference; lastKnownFileType = sourcecode.swift; path = TrackerRecord.swift; sourceTree = "<group>"; };
		E4C7BD642D8AEBC200072E75 /* WeekDay.swift */ = {isa = PBXFileReference; lastKnownFileType = sourcecode.swift; path = WeekDay.swift; sourceTree = "<group>"; };
		E4C7BD662D8AECE900072E75 /* DataManager.swift */ = {isa = PBXFileReference; lastKnownFileType = sourcecode.swift; path = DataManager.swift; sourceTree = "<group>"; };
		E4C7BD682D8AEEA100072E75 /* NewEventViewController.swift */ = {isa = PBXFileReference; lastKnownFileType = sourcecode.swift; path = NewEventViewController.swift; sourceTree = "<group>"; };
		E4C7BD6A2D8AEF6000072E75 /* NewHabitViewController.swift */ = {isa = PBXFileReference; lastKnownFileType = sourcecode.swift; path = NewHabitViewController.swift; sourceTree = "<group>"; };
		E4C7BD6C2D8AEFDE00072E75 /* ScheduleViewController.swift */ = {isa = PBXFileReference; lastKnownFileType = sourcecode.swift; path = ScheduleViewController.swift; sourceTree = "<group>"; };
		E4C7BD6F2D8AF1A900072E75 /* ScheduleDelegate.swift */ = {isa = PBXFileReference; lastKnownFileType = sourcecode.swift; path = ScheduleDelegate.swift; sourceTree = "<group>"; };
		E4C7BD712D8AF1C600072E75 /* SectionHeader.swift */ = {isa = PBXFileReference; lastKnownFileType = sourcecode.swift; path = SectionHeader.swift; sourceTree = "<group>"; };
		E4C7BD732D8AF21B00072E75 /* ScheduleTableViewCell.swift */ = {isa = PBXFileReference; lastKnownFileType = sourcecode.swift; path = ScheduleTableViewCell.swift; sourceTree = "<group>"; };
		E4F232412D845464007FD39B /* HabitTracker.app */ = {isa = PBXFileReference; explicitFileType = wrapper.application; includeInIndex = 0; path = HabitTracker.app; sourceTree = BUILT_PRODUCTS_DIR; };
		E4F232442D845464007FD39B /* AppDelegate.swift */ = {isa = PBXFileReference; lastKnownFileType = sourcecode.swift; path = AppDelegate.swift; sourceTree = "<group>"; };
		E4F232462D845464007FD39B /* SceneDelegate.swift */ = {isa = PBXFileReference; lastKnownFileType = sourcecode.swift; path = SceneDelegate.swift; sourceTree = "<group>"; };
		E4F232482D845464007FD39B /* HabitTrackerViewController.swift */ = {isa = PBXFileReference; lastKnownFileType = sourcecode.swift; path = HabitTrackerViewController.swift; sourceTree = "<group>"; };
		E4F2324B2D845464007FD39B /* Base */ = {isa = PBXFileReference; lastKnownFileType = file.storyboard; name = Base; path = Base.lproj/Main.storyboard; sourceTree = "<group>"; };
		E4F2324D2D845467007FD39B /* Assets.xcassets */ = {isa = PBXFileReference; lastKnownFileType = folder.assetcatalog; path = Assets.xcassets; sourceTree = "<group>"; };
		E4F232502D845467007FD39B /* Base */ = {isa = PBXFileReference; lastKnownFileType = file.storyboard; name = Base; path = Base.lproj/LaunchScreen.storyboard; sourceTree = "<group>"; };
		E4F232522D845467007FD39B /* Info.plist */ = {isa = PBXFileReference; lastKnownFileType = text.plist.xml; path = Info.plist; sourceTree = "<group>"; };
		E4F232572D845467007FD39B /* HabitTrackerTests.xctest */ = {isa = PBXFileReference; explicitFileType = wrapper.cfbundle; includeInIndex = 0; path = HabitTrackerTests.xctest; sourceTree = BUILT_PRODUCTS_DIR; };
		E4F2325B2D845467007FD39B /* HabitTrackerTests.swift */ = {isa = PBXFileReference; lastKnownFileType = sourcecode.swift; path = HabitTrackerTests.swift; sourceTree = "<group>"; };
		E4F232612D845467007FD39B /* HabitTrackerUITests.xctest */ = {isa = PBXFileReference; explicitFileType = wrapper.cfbundle; includeInIndex = 0; path = HabitTrackerUITests.xctest; sourceTree = BUILT_PRODUCTS_DIR; };
		E4F232652D845467007FD39B /* HabitTrackerUITests.swift */ = {isa = PBXFileReference; lastKnownFileType = sourcecode.swift; path = HabitTrackerUITests.swift; sourceTree = "<group>"; };
		E4F232672D845467007FD39B /* HabitTrackerUITestsLaunchTests.swift */ = {isa = PBXFileReference; lastKnownFileType = sourcecode.swift; path = HabitTrackerUITestsLaunchTests.swift; sourceTree = "<group>"; };
		E4F232752D84611A007FD39B /* HabitTrackerCollectionViewCell.swift */ = {isa = PBXFileReference; lastKnownFileType = sourcecode.swift; path = HabitTrackerCollectionViewCell.swift; sourceTree = "<group>"; };
		E4F232772D8461F4007FD39B /* StatisticsViewController.swift */ = {isa = PBXFileReference; lastKnownFileType = sourcecode.swift; path = StatisticsViewController.swift; sourceTree = "<group>"; };
/* End PBXFileReference section */

/* Begin PBXFrameworksBuildPhase section */
		E4F2323E2D845464007FD39B /* Frameworks */ = {
			isa = PBXFrameworksBuildPhase;
			buildActionMask = 2147483647;
			files = (
			);
			runOnlyForDeploymentPostprocessing = 0;
		};
		E4F232542D845467007FD39B /* Frameworks */ = {
			isa = PBXFrameworksBuildPhase;
			buildActionMask = 2147483647;
			files = (
			);
			runOnlyForDeploymentPostprocessing = 0;
		};
		E4F2325E2D845467007FD39B /* Frameworks */ = {
			isa = PBXFrameworksBuildPhase;
			buildActionMask = 2147483647;
			files = (
			);
			runOnlyForDeploymentPostprocessing = 0;
		};
/* End PBXFrameworksBuildPhase section */

/* Begin PBXGroup section */
		E4C7BD5D2D8AEB6900072E75 /* Models */ = {
			isa = PBXGroup;
			children = (
				E4C7BD5E2D8AEB8300072E75 /* Tracker.swift */,
				E4C7BD602D8AEB8E00072E75 /* TrackerCategory.swift */,
				E4C7BD622D8AEB9800072E75 /* TrackerRecord.swift */,
				E4C7BD642D8AEBC200072E75 /* WeekDay.swift */,
			);
			path = Models;
			sourceTree = "<group>";
		};
		E4C7BD6E2D8AF19700072E75 /* Schedule */ = {
			isa = PBXGroup;
			children = (
				E4C7BD6C2D8AEFDE00072E75 /* ScheduleViewController.swift */,
				E4C7BD6F2D8AF1A900072E75 /* ScheduleDelegate.swift */,
				E4C7BD712D8AF1C600072E75 /* SectionHeader.swift */,
				E4C7BD732D8AF21B00072E75 /* ScheduleTableViewCell.swift */,
			);
			path = Schedule;
			sourceTree = "<group>";
		};
		E4F232382D845464007FD39B = {
			isa = PBXGroup;
			children = (
				E4F232432D845464007FD39B /* HabitTracker */,
				E4F2325A2D845467007FD39B /* HabitTrackerTests */,
				E4F232642D845467007FD39B /* HabitTrackerUITests */,
				E4F232422D845464007FD39B /* Products */,
			);
			sourceTree = "<group>";
		};
		E4F232422D845464007FD39B /* Products */ = {
			isa = PBXGroup;
			children = (
				E4F232412D845464007FD39B /* HabitTracker.app */,
				E4F232572D845467007FD39B /* HabitTrackerTests.xctest */,
				E4F232612D845467007FD39B /* HabitTrackerUITests.xctest */,
			);
			name = Products;
			sourceTree = "<group>";
		};
		E4F232432D845464007FD39B /* HabitTracker */ = {
			isa = PBXGroup;
			children = (
				E4C7BD6E2D8AF19700072E75 /* Schedule */,
				E4C7BD5D2D8AEB6900072E75 /* Models */,
				E4F232812D846596007FD39B /* StatisticsViewController */,
				E4F232742D8458DC007FD39B /* HabitTrackersViewController */,
				E4C7BD662D8AECE900072E75 /* DataManager.swift */,
				E4C7BD682D8AEEA100072E75 /* NewEventViewController.swift */,
				E4C7BD6A2D8AEF6000072E75 /* NewHabitViewController.swift */,
				E4F232442D845464007FD39B /* AppDelegate.swift */,
				E4F232462D845464007FD39B /* SceneDelegate.swift */,
				E4F2324A2D845464007FD39B /* Main.storyboard */,
				E4F2324D2D845467007FD39B /* Assets.xcassets */,
				E4F2324F2D845467007FD39B /* LaunchScreen.storyboard */,
				E4F232522D845467007FD39B /* Info.plist */,
			);
			path = HabitTracker;
			sourceTree = "<group>";
		};
		E4F2325A2D845467007FD39B /* HabitTrackerTests */ = {
			isa = PBXGroup;
			children = (
				E4F2325B2D845467007FD39B /* HabitTrackerTests.swift */,
			);
			path = HabitTrackerTests;
			sourceTree = "<group>";
		};
		E4F232642D845467007FD39B /* HabitTrackerUITests */ = {
			isa = PBXGroup;
			children = (
				E4F232652D845467007FD39B /* HabitTrackerUITests.swift */,
				E4F232672D845467007FD39B /* HabitTrackerUITestsLaunchTests.swift */,
			);
			path = HabitTrackerUITests;
			sourceTree = "<group>";
		};
		E4F232742D8458DC007FD39B /* HabitTrackersViewController */ = {
			isa = PBXGroup;
			children = (
				E4F232752D84611A007FD39B /* HabitTrackerCollectionViewCell.swift */,
				E4F232482D845464007FD39B /* HabitTrackerViewController.swift */,
			);
			path = HabitTrackersViewController;
			sourceTree = "<group>";
		};
		E4F232812D846596007FD39B /* StatisticsViewController */ = {
			isa = PBXGroup;
			children = (
				E4F232772D8461F4007FD39B /* StatisticsViewController.swift */,
			);
			path = StatisticsViewController;
			sourceTree = "<group>";
		};
/* End PBXGroup section */

/* Begin PBXNativeTarget section */
		E4F232402D845464007FD39B /* HabitTracker */ = {
			isa = PBXNativeTarget;
			buildConfigurationList = E4F2326B2D845467007FD39B /* Build configuration list for PBXNativeTarget "HabitTracker" */;
			buildPhases = (
				E4F2323D2D845464007FD39B /* Sources */,
				E4F2323E2D845464007FD39B /* Frameworks */,
				E4F2323F2D845464007FD39B /* Resources */,
			);
			buildRules = (
			);
			dependencies = (
			);
			name = HabitTracker;
			productName = HabitTracker;
			productReference = E4F232412D845464007FD39B /* HabitTracker.app */;
			productType = "com.apple.product-type.application";
		};
		E4F232562D845467007FD39B /* HabitTrackerTests */ = {
			isa = PBXNativeTarget;
			buildConfigurationList = E4F2326E2D845467007FD39B /* Build configuration list for PBXNativeTarget "HabitTrackerTests" */;
			buildPhases = (
				E4F232532D845467007FD39B /* Sources */,
				E4F232542D845467007FD39B /* Frameworks */,
				E4F232552D845467007FD39B /* Resources */,
			);
			buildRules = (
			);
			dependencies = (
				E4F232592D845467007FD39B /* PBXTargetDependency */,
			);
			name = HabitTrackerTests;
			productName = HabitTrackerTests;
			productReference = E4F232572D845467007FD39B /* HabitTrackerTests.xctest */;
			productType = "com.apple.product-type.bundle.unit-test";
		};
		E4F232602D845467007FD39B /* HabitTrackerUITests */ = {
			isa = PBXNativeTarget;
			buildConfigurationList = E4F232712D845467007FD39B /* Build configuration list for PBXNativeTarget "HabitTrackerUITests" */;
			buildPhases = (
				E4F2325D2D845467007FD39B /* Sources */,
				E4F2325E2D845467007FD39B /* Frameworks */,
				E4F2325F2D845467007FD39B /* Resources */,
			);
			buildRules = (
			);
			dependencies = (
				E4F232632D845467007FD39B /* PBXTargetDependency */,
			);
			name = HabitTrackerUITests;
			productName = HabitTrackerUITests;
			productReference = E4F232612D845467007FD39B /* HabitTrackerUITests.xctest */;
			productType = "com.apple.product-type.bundle.ui-testing";
		};
/* End PBXNativeTarget section */

/* Begin PBXProject section */
		E4F232392D845464007FD39B /* Project object */ = {
			isa = PBXProject;
			attributes = {
				BuildIndependentTargetsInParallel = 1;
				LastSwiftUpdateCheck = 1510;
				LastUpgradeCheck = 1510;
				TargetAttributes = {
					E4F232402D845464007FD39B = {
						CreatedOnToolsVersion = 15.1;
					};
					E4F232562D845467007FD39B = {
						CreatedOnToolsVersion = 15.1;
						TestTargetID = E4F232402D845464007FD39B;
					};
					E4F232602D845467007FD39B = {
						CreatedOnToolsVersion = 15.1;
						TestTargetID = E4F232402D845464007FD39B;
					};
				};
			};
			buildConfigurationList = E4F2323C2D845464007FD39B /* Build configuration list for PBXProject "HabitTracker" */;
			compatibilityVersion = "Xcode 14.0";
			developmentRegion = en;
			hasScannedForEncodings = 0;
			knownRegions = (
				en,
				Base,
			);
			mainGroup = E4F232382D845464007FD39B;
			productRefGroup = E4F232422D845464007FD39B /* Products */;
			projectDirPath = "";
			projectRoot = "";
			targets = (
				E4F232402D845464007FD39B /* HabitTracker */,
				E4F232562D845467007FD39B /* HabitTrackerTests */,
				E4F232602D845467007FD39B /* HabitTrackerUITests */,
			);
		};
/* End PBXProject section */

/* Begin PBXResourcesBuildPhase section */
		E4F2323F2D845464007FD39B /* Resources */ = {
			isa = PBXResourcesBuildPhase;
			buildActionMask = 2147483647;
			files = (
				E4F232512D845467007FD39B /* LaunchScreen.storyboard in Resources */,
				E4F2324E2D845467007FD39B /* Assets.xcassets in Resources */,
				E4F2324C2D845464007FD39B /* Main.storyboard in Resources */,
			);
			runOnlyForDeploymentPostprocessing = 0;
		};
		E4F232552D845467007FD39B /* Resources */ = {
			isa = PBXResourcesBuildPhase;
			buildActionMask = 2147483647;
			files = (
			);
			runOnlyForDeploymentPostprocessing = 0;
		};
		E4F2325F2D845467007FD39B /* Resources */ = {
			isa = PBXResourcesBuildPhase;
			buildActionMask = 2147483647;
			files = (
			);
			runOnlyForDeploymentPostprocessing = 0;
		};
/* End PBXResourcesBuildPhase section */

/* Begin PBXSourcesBuildPhase section */
		E4F2323D2D845464007FD39B /* Sources */ = {
			isa = PBXSourcesBuildPhase;
			buildActionMask = 2147483647;
			files = (
				E4C7BD6D2D8AEFDE00072E75 /* ScheduleViewController.swift in Sources */,
				E4C7BD652D8AEBC200072E75 /* WeekDay.swift in Sources */,
				E4C7BD722D8AF1C600072E75 /* SectionHeader.swift in Sources */,
				E4C7BD672D8AECE900072E75 /* DataManager.swift in Sources */,
				E4C7BD692D8AEEA100072E75 /* NewEventViewController.swift in Sources */,
				E4C7BD5F2D8AEB8300072E75 /* Tracker.swift in Sources */,
				E4C7BD742D8AF21B00072E75 /* ScheduleTableViewCell.swift in Sources */,
				E4F232492D845464007FD39B /* HabitTrackerViewController.swift in Sources */,
				E4F232452D845464007FD39B /* AppDelegate.swift in Sources */,
				E4F232762D84611A007FD39B /* HabitTrackerCollectionViewCell.swift in Sources */,
				E4F232782D8461F4007FD39B /* StatisticsViewController.swift in Sources */,
				E4C7BD702D8AF1A900072E75 /* ScheduleDelegate.swift in Sources */,
				E4C7BD6B2D8AEF6000072E75 /* NewHabitViewController.swift in Sources */,
				E4C7BD632D8AEB9800072E75 /* TrackerRecord.swift in Sources */,
				E4F232472D845464007FD39B /* SceneDelegate.swift in Sources */,
				E4C7BD612D8AEB8E00072E75 /* TrackerCategory.swift in Sources */,
			);
			runOnlyForDeploymentPostprocessing = 0;
		};
		E4F232532D845467007FD39B /* Sources */ = {
			isa = PBXSourcesBuildPhase;
			buildActionMask = 2147483647;
			files = (
				E4F2325C2D845467007FD39B /* HabitTrackerTests.swift in Sources */,
			);
			runOnlyForDeploymentPostprocessing = 0;
		};
		E4F2325D2D845467007FD39B /* Sources */ = {
			isa = PBXSourcesBuildPhase;
			buildActionMask = 2147483647;
			files = (
				E4F232682D845467007FD39B /* HabitTrackerUITestsLaunchTests.swift in Sources */,
				E4F232662D845467007FD39B /* HabitTrackerUITests.swift in Sources */,
			);
			runOnlyForDeploymentPostprocessing = 0;
		};
/* End PBXSourcesBuildPhase section */

/* Begin PBXTargetDependency section */
		E4F232592D845467007FD39B /* PBXTargetDependency */ = {
			isa = PBXTargetDependency;
			target = E4F232402D845464007FD39B /* HabitTracker */;
			targetProxy = E4F232582D845467007FD39B /* PBXContainerItemProxy */;
		};
		E4F232632D845467007FD39B /* PBXTargetDependency */ = {
			isa = PBXTargetDependency;
			target = E4F232402D845464007FD39B /* HabitTracker */;
			targetProxy = E4F232622D845467007FD39B /* PBXContainerItemProxy */;
		};
/* End PBXTargetDependency section */

/* Begin PBXVariantGroup section */
		E4F2324A2D845464007FD39B /* Main.storyboard */ = {
			isa = PBXVariantGroup;
			children = (
				E4F2324B2D845464007FD39B /* Base */,
			);
			name = Main.storyboard;
			sourceTree = "<group>";
		};
		E4F2324F2D845467007FD39B /* LaunchScreen.storyboard */ = {
			isa = PBXVariantGroup;
			children = (
				E4F232502D845467007FD39B /* Base */,
			);
			name = LaunchScreen.storyboard;
			sourceTree = "<group>";
		};
/* End PBXVariantGroup section */

/* Begin XCBuildConfiguration section */
		E4F232692D845467007FD39B /* Debug */ = {
			isa = XCBuildConfiguration;
			buildSettings = {
				ALWAYS_SEARCH_USER_PATHS = NO;
				ASSETCATALOG_COMPILER_GENERATE_SWIFT_ASSET_SYMBOL_EXTENSIONS = YES;
				CLANG_ANALYZER_NONNULL = YES;
				CLANG_ANALYZER_NUMBER_OBJECT_CONVERSION = YES_AGGRESSIVE;
				CLANG_CXX_LANGUAGE_STANDARD = "gnu++20";
				CLANG_ENABLE_MODULES = YES;
				CLANG_ENABLE_OBJC_ARC = YES;
				CLANG_ENABLE_OBJC_WEAK = YES;
				CLANG_WARN_BLOCK_CAPTURE_AUTORELEASING = YES;
				CLANG_WARN_BOOL_CONVERSION = YES;
				CLANG_WARN_COMMA = YES;
				CLANG_WARN_CONSTANT_CONVERSION = YES;
				CLANG_WARN_DEPRECATED_OBJC_IMPLEMENTATIONS = YES;
				CLANG_WARN_DIRECT_OBJC_ISA_USAGE = YES_ERROR;
				CLANG_WARN_DOCUMENTATION_COMMENTS = YES;
				CLANG_WARN_EMPTY_BODY = YES;
				CLANG_WARN_ENUM_CONVERSION = YES;
				CLANG_WARN_INFINITE_RECURSION = YES;
				CLANG_WARN_INT_CONVERSION = YES;
				CLANG_WARN_NON_LITERAL_NULL_CONVERSION = YES;
				CLANG_WARN_OBJC_IMPLICIT_RETAIN_SELF = YES;
				CLANG_WARN_OBJC_LITERAL_CONVERSION = YES;
				CLANG_WARN_OBJC_ROOT_CLASS = YES_ERROR;
				CLANG_WARN_QUOTED_INCLUDE_IN_FRAMEWORK_HEADER = YES;
				CLANG_WARN_RANGE_LOOP_ANALYSIS = YES;
				CLANG_WARN_STRICT_PROTOTYPES = YES;
				CLANG_WARN_SUSPICIOUS_MOVE = YES;
				CLANG_WARN_UNGUARDED_AVAILABILITY = YES_AGGRESSIVE;
				CLANG_WARN_UNREACHABLE_CODE = YES;
				CLANG_WARN__DUPLICATE_METHOD_MATCH = YES;
				COPY_PHASE_STRIP = NO;
				DEBUG_INFORMATION_FORMAT = dwarf;
				ENABLE_STRICT_OBJC_MSGSEND = YES;
				ENABLE_TESTABILITY = YES;
				ENABLE_USER_SCRIPT_SANDBOXING = YES;
				GCC_C_LANGUAGE_STANDARD = gnu17;
				GCC_DYNAMIC_NO_PIC = NO;
				GCC_NO_COMMON_BLOCKS = YES;
				GCC_OPTIMIZATION_LEVEL = 0;
				GCC_PREPROCESSOR_DEFINITIONS = (
					"DEBUG=1",
					"$(inherited)",
				);
				GCC_WARN_64_TO_32_BIT_CONVERSION = YES;
				GCC_WARN_ABOUT_RETURN_TYPE = YES_ERROR;
				GCC_WARN_UNDECLARED_SELECTOR = YES;
				GCC_WARN_UNINITIALIZED_AUTOS = YES_AGGRESSIVE;
				GCC_WARN_UNUSED_FUNCTION = YES;
				GCC_WARN_UNUSED_VARIABLE = YES;
				IPHONEOS_DEPLOYMENT_TARGET = 17.2;
				LOCALIZATION_PREFERS_STRING_CATALOGS = YES;
				MTL_ENABLE_DEBUG_INFO = INCLUDE_SOURCE;
				MTL_FAST_MATH = YES;
				ONLY_ACTIVE_ARCH = YES;
				SDKROOT = iphoneos;
				SWIFT_ACTIVE_COMPILATION_CONDITIONS = "DEBUG $(inherited)";
				SWIFT_OPTIMIZATION_LEVEL = "-Onone";
			};
			name = Debug;
		};
		E4F2326A2D845467007FD39B /* Release */ = {
			isa = XCBuildConfiguration;
			buildSettings = {
				ALWAYS_SEARCH_USER_PATHS = NO;
				ASSETCATALOG_COMPILER_GENERATE_SWIFT_ASSET_SYMBOL_EXTENSIONS = YES;
				CLANG_ANALYZER_NONNULL = YES;
				CLANG_ANALYZER_NUMBER_OBJECT_CONVERSION = YES_AGGRESSIVE;
				CLANG_CXX_LANGUAGE_STANDARD = "gnu++20";
				CLANG_ENABLE_MODULES = YES;
				CLANG_ENABLE_OBJC_ARC = YES;
				CLANG_ENABLE_OBJC_WEAK = YES;
				CLANG_WARN_BLOCK_CAPTURE_AUTORELEASING = YES;
				CLANG_WARN_BOOL_CONVERSION = YES;
				CLANG_WARN_COMMA = YES;
				CLANG_WARN_CONSTANT_CONVERSION = YES;
				CLANG_WARN_DEPRECATED_OBJC_IMPLEMENTATIONS = YES;
				CLANG_WARN_DIRECT_OBJC_ISA_USAGE = YES_ERROR;
				CLANG_WARN_DOCUMENTATION_COMMENTS = YES;
				CLANG_WARN_EMPTY_BODY = YES;
				CLANG_WARN_ENUM_CONVERSION = YES;
				CLANG_WARN_INFINITE_RECURSION = YES;
				CLANG_WARN_INT_CONVERSION = YES;
				CLANG_WARN_NON_LITERAL_NULL_CONVERSION = YES;
				CLANG_WARN_OBJC_IMPLICIT_RETAIN_SELF = YES;
				CLANG_WARN_OBJC_LITERAL_CONVERSION = YES;
				CLANG_WARN_OBJC_ROOT_CLASS = YES_ERROR;
				CLANG_WARN_QUOTED_INCLUDE_IN_FRAMEWORK_HEADER = YES;
				CLANG_WARN_RANGE_LOOP_ANALYSIS = YES;
				CLANG_WARN_STRICT_PROTOTYPES = YES;
				CLANG_WARN_SUSPICIOUS_MOVE = YES;
				CLANG_WARN_UNGUARDED_AVAILABILITY = YES_AGGRESSIVE;
				CLANG_WARN_UNREACHABLE_CODE = YES;
				CLANG_WARN__DUPLICATE_METHOD_MATCH = YES;
				COPY_PHASE_STRIP = NO;
				DEBUG_INFORMATION_FORMAT = "dwarf-with-dsym";
				ENABLE_NS_ASSERTIONS = NO;
				ENABLE_STRICT_OBJC_MSGSEND = YES;
				ENABLE_USER_SCRIPT_SANDBOXING = YES;
				GCC_C_LANGUAGE_STANDARD = gnu17;
				GCC_NO_COMMON_BLOCKS = YES;
				GCC_WARN_64_TO_32_BIT_CONVERSION = YES;
				GCC_WARN_ABOUT_RETURN_TYPE = YES_ERROR;
				GCC_WARN_UNDECLARED_SELECTOR = YES;
				GCC_WARN_UNINITIALIZED_AUTOS = YES_AGGRESSIVE;
				GCC_WARN_UNUSED_FUNCTION = YES;
				GCC_WARN_UNUSED_VARIABLE = YES;
				IPHONEOS_DEPLOYMENT_TARGET = 17.2;
				LOCALIZATION_PREFERS_STRING_CATALOGS = YES;
				MTL_ENABLE_DEBUG_INFO = NO;
				MTL_FAST_MATH = YES;
				SDKROOT = iphoneos;
				SWIFT_COMPILATION_MODE = wholemodule;
				VALIDATE_PRODUCT = YES;
			};
			name = Release;
		};
		E4F2326C2D845467007FD39B /* Debug */ = {
			isa = XCBuildConfiguration;
			buildSettings = {
				ASSETCATALOG_COMPILER_APPICON_NAME = AppIcon;
				ASSETCATALOG_COMPILER_GLOBAL_ACCENT_COLOR_NAME = AccentColor;
				CODE_SIGN_STYLE = Automatic;
				CURRENT_PROJECT_VERSION = 1;
				DEVELOPMENT_TEAM = FP73RGLRL5;
				GENERATE_INFOPLIST_FILE = YES;
				INFOPLIST_FILE = HabitTracker/Info.plist;
				INFOPLIST_KEY_UIApplicationSupportsIndirectInputEvents = YES;
				INFOPLIST_KEY_UILaunchStoryboardName = LaunchScreen;
				INFOPLIST_KEY_UIMainStoryboardFile = Main;
				INFOPLIST_KEY_UISupportedInterfaceOrientations_iPad = "UIInterfaceOrientationPortrait UIInterfaceOrientationPortraitUpsideDown UIInterfaceOrientationLandscapeLeft UIInterfaceOrientationLandscapeRight";
				INFOPLIST_KEY_UISupportedInterfaceOrientations_iPhone = "UIInterfaceOrientationPortrait UIInterfaceOrientationLandscapeLeft UIInterfaceOrientationLandscapeRight";
				LD_RUNPATH_SEARCH_PATHS = (
					"$(inherited)",
					"@executable_path/Frameworks",
				);
				MARKETING_VERSION = 1.0;
				PRODUCT_BUNDLE_IDENTIFIER = com.DGalbacheva.HabitTracker;
				PRODUCT_NAME = "$(TARGET_NAME)";
				SWIFT_EMIT_LOC_STRINGS = YES;
				SWIFT_VERSION = 5.0;
				TARGETED_DEVICE_FAMILY = "1,2";
			};
			name = Debug;
		};
		E4F2326D2D845467007FD39B /* Release */ = {
			isa = XCBuildConfiguration;
			buildSettings = {
				ASSETCATALOG_COMPILER_APPICON_NAME = AppIcon;
				ASSETCATALOG_COMPILER_GLOBAL_ACCENT_COLOR_NAME = AccentColor;
				CODE_SIGN_STYLE = Automatic;
				CURRENT_PROJECT_VERSION = 1;
				DEVELOPMENT_TEAM = FP73RGLRL5;
				GENERATE_INFOPLIST_FILE = YES;
				INFOPLIST_FILE = HabitTracker/Info.plist;
				INFOPLIST_KEY_UIApplicationSupportsIndirectInputEvents = YES;
				INFOPLIST_KEY_UILaunchStoryboardName = LaunchScreen;
				INFOPLIST_KEY_UIMainStoryboardFile = Main;
				INFOPLIST_KEY_UISupportedInterfaceOrientations_iPad = "UIInterfaceOrientationPortrait UIInterfaceOrientationPortraitUpsideDown UIInterfaceOrientationLandscapeLeft UIInterfaceOrientationLandscapeRight";
				INFOPLIST_KEY_UISupportedInterfaceOrientations_iPhone = "UIInterfaceOrientationPortrait UIInterfaceOrientationLandscapeLeft UIInterfaceOrientationLandscapeRight";
				LD_RUNPATH_SEARCH_PATHS = (
					"$(inherited)",
					"@executable_path/Frameworks",
				);
				MARKETING_VERSION = 1.0;
				PRODUCT_BUNDLE_IDENTIFIER = com.DGalbacheva.HabitTracker;
				PRODUCT_NAME = "$(TARGET_NAME)";
				SWIFT_EMIT_LOC_STRINGS = YES;
				SWIFT_VERSION = 5.0;
				TARGETED_DEVICE_FAMILY = "1,2";
			};
			name = Release;
		};
		E4F2326F2D845467007FD39B /* Debug */ = {
			isa = XCBuildConfiguration;
			buildSettings = {
				ALWAYS_EMBED_SWIFT_STANDARD_LIBRARIES = YES;
				BUNDLE_LOADER = "$(TEST_HOST)";
				CODE_SIGN_STYLE = Automatic;
				CURRENT_PROJECT_VERSION = 1;
				DEVELOPMENT_TEAM = FP73RGLRL5;
				GENERATE_INFOPLIST_FILE = YES;
				IPHONEOS_DEPLOYMENT_TARGET = 17.2;
				MARKETING_VERSION = 1.0;
				PRODUCT_BUNDLE_IDENTIFIER = com.DGalbacheva.HabitTrackerTests;
				PRODUCT_NAME = "$(TARGET_NAME)";
				SWIFT_EMIT_LOC_STRINGS = NO;
				SWIFT_VERSION = 5.0;
				TARGETED_DEVICE_FAMILY = "1,2";
				TEST_HOST = "$(BUILT_PRODUCTS_DIR)/HabitTracker.app/$(BUNDLE_EXECUTABLE_FOLDER_PATH)/HabitTracker";
			};
			name = Debug;
		};
		E4F232702D845467007FD39B /* Release */ = {
			isa = XCBuildConfiguration;
			buildSettings = {
				ALWAYS_EMBED_SWIFT_STANDARD_LIBRARIES = YES;
				BUNDLE_LOADER = "$(TEST_HOST)";
				CODE_SIGN_STYLE = Automatic;
				CURRENT_PROJECT_VERSION = 1;
				DEVELOPMENT_TEAM = FP73RGLRL5;
				GENERATE_INFOPLIST_FILE = YES;
				IPHONEOS_DEPLOYMENT_TARGET = 17.2;
				MARKETING_VERSION = 1.0;
				PRODUCT_BUNDLE_IDENTIFIER = com.DGalbacheva.HabitTrackerTests;
				PRODUCT_NAME = "$(TARGET_NAME)";
				SWIFT_EMIT_LOC_STRINGS = NO;
				SWIFT_VERSION = 5.0;
				TARGETED_DEVICE_FAMILY = "1,2";
				TEST_HOST = "$(BUILT_PRODUCTS_DIR)/HabitTracker.app/$(BUNDLE_EXECUTABLE_FOLDER_PATH)/HabitTracker";
			};
			name = Release;
		};
		E4F232722D845467007FD39B /* Debug */ = {
			isa = XCBuildConfiguration;
			buildSettings = {
				ALWAYS_EMBED_SWIFT_STANDARD_LIBRARIES = YES;
				CODE_SIGN_STYLE = Automatic;
				CURRENT_PROJECT_VERSION = 1;
				DEVELOPMENT_TEAM = FP73RGLRL5;
				GENERATE_INFOPLIST_FILE = YES;
				MARKETING_VERSION = 1.0;
				PRODUCT_BUNDLE_IDENTIFIER = com.DGalbacheva.HabitTrackerUITests;
				PRODUCT_NAME = "$(TARGET_NAME)";
				SWIFT_EMIT_LOC_STRINGS = NO;
				SWIFT_VERSION = 5.0;
				TARGETED_DEVICE_FAMILY = "1,2";
				TEST_TARGET_NAME = HabitTracker;
			};
			name = Debug;
		};
		E4F232732D845467007FD39B /* Release */ = {
			isa = XCBuildConfiguration;
			buildSettings = {
				ALWAYS_EMBED_SWIFT_STANDARD_LIBRARIES = YES;
				CODE_SIGN_STYLE = Automatic;
				CURRENT_PROJECT_VERSION = 1;
				DEVELOPMENT_TEAM = FP73RGLRL5;
				GENERATE_INFOPLIST_FILE = YES;
				MARKETING_VERSION = 1.0;
				PRODUCT_BUNDLE_IDENTIFIER = com.DGalbacheva.HabitTrackerUITests;
				PRODUCT_NAME = "$(TARGET_NAME)";
				SWIFT_EMIT_LOC_STRINGS = NO;
				SWIFT_VERSION = 5.0;
				TARGETED_DEVICE_FAMILY = "1,2";
				TEST_TARGET_NAME = HabitTracker;
			};
			name = Release;
		};
/* End XCBuildConfiguration section */

/* Begin XCConfigurationList section */
		E4F2323C2D845464007FD39B /* Build configuration list for PBXProject "HabitTracker" */ = {
			isa = XCConfigurationList;
			buildConfigurations = (
				E4F232692D845467007FD39B /* Debug */,
				E4F2326A2D845467007FD39B /* Release */,
			);
			defaultConfigurationIsVisible = 0;
			defaultConfigurationName = Release;
		};
		E4F2326B2D845467007FD39B /* Build configuration list for PBXNativeTarget "HabitTracker" */ = {
			isa = XCConfigurationList;
			buildConfigurations = (
				E4F2326C2D845467007FD39B /* Debug */,
				E4F2326D2D845467007FD39B /* Release */,
			);
			defaultConfigurationIsVisible = 0;
			defaultConfigurationName = Release;
		};
		E4F2326E2D845467007FD39B /* Build configuration list for PBXNativeTarget "HabitTrackerTests" */ = {
			isa = XCConfigurationList;
			buildConfigurations = (
				E4F2326F2D845467007FD39B /* Debug */,
				E4F232702D845467007FD39B /* Release */,
			);
			defaultConfigurationIsVisible = 0;
			defaultConfigurationName = Release;
		};
		E4F232712D845467007FD39B /* Build configuration list for PBXNativeTarget "HabitTrackerUITests" */ = {
			isa = XCConfigurationList;
			buildConfigurations = (
				E4F232722D845467007FD39B /* Debug */,
				E4F232732D845467007FD39B /* Release */,
			);
			defaultConfigurationIsVisible = 0;
			defaultConfigurationName = Release;
		};
/* End XCConfigurationList section */
	};
	rootObject = E4F232392D845464007FD39B /* Project object */;
}
